
Microsoft Visual Studio Solution File, Format Version 12.00
# Visual Studio Version 17
VisualStudioVersion = 17.0.31903.59
MinimumVisualStudioVersion = 10.0.40219.1
Project("{FAE04EC0-301F-11D3-BF4B-00C04F79EFBC}") = "SmoothOperator", "SmoothOperator\SmoothOperator.csproj", "{033AC270-A087-4782-9E61-7068E28D1B2E}"
EndProject
Project("{FAE04EC0-301F-11D3-BF4B-00C04F79EFBC}") = "VariousOperators", "VariousOperators\VariousOperators.csproj", "{9BB2DA1E-32EC-44A5-9CC6-423CE8AEB4B7}"
EndProject
Project("{FAE04EC0-301F-11D3-BF4B-00C04F79EFBC}") = "Cilindro", "Cilindro\Cilindro.csproj", "{BBCE5EC9-EEC9-4510-B2C4-7EF6C6BA58C7}"
EndProject
Project("{FAE04EC0-301F-11D3-BF4B-00C04F79EFBC}") = "ValoresEspeciais", "ValoresEspeciais\ValoresEspeciais.csproj", "{1351B1CE-327B-451C-9B8F-F1B56B56ADA0}"
EndProject
Project("{FAE04EC0-301F-11D3-BF4B-00C04F79EFBC}") = "ChatGPTZero", "ChatGPTZero\ChatGPTZero.csproj", "{59CE05A7-B30D-414E-98AB-1B953788CAA0}"
EndProject
Project("{FAE04EC0-301F-11D3-BF4B-00C04F79EFBC}") = "BreakContinue", "BreakContinue\BreakContinue.csproj", "{2C82FB94-E030-44C0-B251-1D104B0FBF72}"
EndProject
Project("{FAE04EC0-301F-11D3-BF4B-00C04F79EFBC}") = "ChatGPTOne", "ChatGPTOne\ChatGPTOne.csproj", "{A4F6F7D7-F522-4DEC-ABC3-43D7F61A61D0}"
EndProject
Project("{FAE04EC0-301F-11D3-BF4B-00C04F79EFBC}") = "IfExample", "IfExample\IfExample.csproj", "{607122FB-B224-47C5-8A17-1C2ED7335A26}"
EndProject
Global
	GlobalSection(SolutionConfigurationPlatforms) = preSolution
		Debug|Any CPU = Debug|Any CPU
		Release|Any CPU = Release|Any CPU
	EndGlobalSection
	GlobalSection(SolutionProperties) = preSolution
		HideSolutionNode = FALSE
	EndGlobalSection
	GlobalSection(ProjectConfigurationPlatforms) = postSolution
		{033AC270-A087-4782-9E61-7068E28D1B2E}.Debug|Any CPU.ActiveCfg = Debug|Any CPU
		{033AC270-A087-4782-9E61-7068E28D1B2E}.Debug|Any CPU.Build.0 = Debug|Any CPU
		{033AC270-A087-4782-9E61-7068E28D1B2E}.Release|Any CPU.ActiveCfg = Release|Any CPU
		{033AC270-A087-4782-9E61-7068E28D1B2E}.Release|Any CPU.Build.0 = Release|Any CPU
		{9BB2DA1E-32EC-44A5-9CC6-423CE8AEB4B7}.Debug|Any CPU.ActiveCfg = Debug|Any CPU
		{9BB2DA1E-32EC-44A5-9CC6-423CE8AEB4B7}.Debug|Any CPU.Build.0 = Debug|Any CPU
		{9BB2DA1E-32EC-44A5-9CC6-423CE8AEB4B7}.Release|Any CPU.ActiveCfg = Release|Any CPU
		{9BB2DA1E-32EC-44A5-9CC6-423CE8AEB4B7}.Release|Any CPU.Build.0 = Release|Any CPU
		{BBCE5EC9-EEC9-4510-B2C4-7EF6C6BA58C7}.Debug|Any CPU.ActiveCfg = Debug|Any CPU
		{BBCE5EC9-EEC9-4510-B2C4-7EF6C6BA58C7}.Debug|Any CPU.Build.0 = Debug|Any CPU
		{BBCE5EC9-EEC9-4510-B2C4-7EF6C6BA58C7}.Release|Any CPU.ActiveCfg = Release|Any CPU
		{BBCE5EC9-EEC9-4510-B2C4-7EF6C6BA58C7}.Release|Any CPU.Build.0 = Release|Any CPU
		{1351B1CE-327B-451C-9B8F-F1B56B56ADA0}.Debug|Any CPU.ActiveCfg = Debug|Any CPU
		{1351B1CE-327B-451C-9B8F-F1B56B56ADA0}.Debug|Any CPU.Build.0 = Debug|Any CPU
		{1351B1CE-327B-451C-9B8F-F1B56B56ADA0}.Release|Any CPU.ActiveCfg = Release|Any CPU
		{1351B1CE-327B-451C-9B8F-F1B56B56ADA0}.Release|Any CPU.Build.0 = Release|Any CPU
		{59CE05A7-B30D-414E-98AB-1B953788CAA0}.Debug|Any CPU.ActiveCfg = Debug|Any CPU
		{59CE05A7-B30D-414E-98AB-1B953788CAA0}.Debug|Any CPU.Build.0 = Debug|Any CPU
		{59CE05A7-B30D-414E-98AB-1B953788CAA0}.Release|Any CPU.ActiveCfg = Release|Any CPU
		{59CE05A7-B30D-414E-98AB-1B953788CAA0}.Release|Any CPU.Build.0 = Release|Any CPU
		{2C82FB94-E030-44C0-B251-1D104B0FBF72}.Debug|Any CPU.ActiveCfg = Debug|Any CPU
		{2C82FB94-E030-44C0-B251-1D104B0FBF72}.Debug|Any CPU.Build.0 = Debug|Any CPU
		{2C82FB94-E030-44C0-B251-1D104B0FBF72}.Release|Any CPU.ActiveCfg = Release|Any CPU
		{2C82FB94-E030-44C0-B251-1D104B0FBF72}.Release|Any CPU.Build.0 = Release|Any CPU
		{A4F6F7D7-F522-4DEC-ABC3-43D7F61A61D0}.Debug|Any CPU.ActiveCfg = Debug|Any CPU
		{A4F6F7D7-F522-4DEC-ABC3-43D7F61A61D0}.Debug|Any CPU.Build.0 = Debug|Any CPU
		{A4F6F7D7-F522-4DEC-ABC3-43D7F61A61D0}.Release|Any CPU.ActiveCfg = Release|Any CPU
		{A4F6F7D7-F522-4DEC-ABC3-43D7F61A61D0}.Release|Any CPU.Build.0 = Release|Any CPU
		{607122FB-B224-47C5-8A17-1C2ED7335A26}.Debug|Any CPU.ActiveCfg = Debug|Any CPU
		{607122FB-B224-47C5-8A17-1C2ED7335A26}.Debug|Any CPU.Build.0 = Debug|Any CPU
		{607122FB-B224-47C5-8A17-1C2ED7335A26}.Release|Any CPU.ActiveCfg = Release|Any CPU
		{607122FB-B224-47C5-8A17-1C2ED7335A26}.Release|Any CPU.Build.0 = Release|Any CPU
	EndGlobalSection
EndGlobal
